{
  "object": {
    "pins": [
      {
        "package": "AWSiOSSDKV2",
        "repositoryURL": "https://github.com/aws-amplify/aws-sdk-ios-spm",
        "state": {
          "branch": "main",
          "revision": "75d9868295a8dd78b2a8104f359c6508dd2e724a",
          "version": null
        }
      }
    ]
  },
  "version": 1
}
